
Microsoft Visual Studio Solution File, Format Version 12.00
# Visual Studio Version 17
VisualStudioVersion = 17.14.37411.7 d17.14
MinimumVisualStudioVersion = 10.0.40219.1
Project("{FAE04EC0-301F-11D3-BF4B-00C04F79EFBC}") = "MiniSupermarket.API", "MiniSupermarket.API\MiniSupermarket.API.csproj", "{97D49A6F-3A12-49C7-83C8-A4BC9134F0BF}"
EndProject
Project("{FAE04EC0-301F-11D3-BF4B-00C04F79EFBC}") = "MiniSupermarket.WinForms", "MiniSupermarket.WinForms\MiniSupermarket.WinForms.csproj", "{6756727B-8145-4E12-ADEF-8C321B8F085F}"
EndProject
Global
	GlobalSection(SolutionConfigurationPlatforms) = preSolution
		Debug|Any CPU = Debug|Any CPU
		Release|Any CPU = Release|Any CPU
	EndGlobalSection
	GlobalSection(ProjectConfigurationPlatforms) = postSolution
		{97D49A6F-3A12-49C7-83C8-A4BC9134F0BF}.Debug|Any CPU.ActiveCfg = Debug|Any CPU
		{97D49A6F-3A12-49C7-83C8-A4BC9134F0BF}.Debug|Any CPU.Build.0 = Debug|Any CPU
		{97D49A6F-3A12-49C7-83C8-A4BC9134F0BF}.Release|Any CPU.ActiveCfg = Release|Any CPU
		{97D49A6F-3A12-49C7-83C8-A4BC9134F0BF}.Release|Any CPU.Build.0 = Release|Any CPU
		{6756727B-8145-4E12-ADEF-8C321B8F085F}.Debug|Any CPU.ActiveCfg = Debug|Any CPU
		{6756727B-8145-4E12-ADEF-8C321B8F085F}.Debug|Any CPU.Build.0 = Debug|Any CPU
		{6756727B-8145-4E12-ADEF-8C321B8F085F}.Release|Any CPU.ActiveCfg = Release|Any CPU
		{6756727B-8145-4E12-ADEF-8C321B8F085F}.Release|Any CPU.Build.0 = Release|Any CPU
	EndGlobalSection
	GlobalSection(SolutionProperties) = preSolution
		HideSolutionNode = FALSE
	EndGlobalSection
	GlobalSection(ExtensibilityGlobals) = postSolution
		SolutionGuid = {43E9B619-755B-4080-AA88-888A076657EC}
	EndGlobalSection
EndGlobal
